// !$*UTF8*$!
{
	archiveVersion = 1;
	classes = {
	};
	objectVersion = 50;
	objects = {

/* Begin PBXBuildFile section */
		30787DEA22009E550048B5AF /* AppDelegate.swift in Sources */ = {isa = PBXBuildFile; fileRef = 30787DE922009E550048B5AF /* AppDelegate.swift */; };
		30787DEC22009E550048B5AF /* ViewController.swift in Sources */ = {isa = PBXBuildFile; fileRef = 30787DEB22009E550048B5AF /* ViewController.swift */; };
		30787DEF22009E550048B5AF /* Main.storyboard in Resources */ = {isa = PBXBuildFile; fileRef = 30787DED22009E550048B5AF /* Main.storyboard */; };
		30787DF122009E550048B5AF /* Assets.xcassets in Resources */ = {isa = PBXBuildFile; fileRef = 30787DF022009E550048B5AF /* Assets.xcassets */; };
		30787DF422009E550048B5AF /* LaunchScreen.storyboard in Resources */ = {isa = PBXBuildFile; fileRef = 30787DF222009E550048B5AF /* LaunchScreen.storyboard */; };
		30787DFF22009E560048B5AF /* uiImageViewTests.swift in Sources */ = {isa = PBXBuildFile; fileRef = 30787DFE22009E560048B5AF /* uiImageViewTests.swift */; };
		30787E0A22009E560048B5AF /* uiImageViewUITests.swift in Sources */ = {isa = PBXBuildFile; fileRef = 30787E0922009E560048B5AF /* uiImageViewUITests.swift */; };
		30787E1822009FBB0048B5AF /* hoge.png in Resources */ = {isa = PBXBuildFile; fileRef = 30787E1722009FBB0048B5AF /* hoge.png */; };
/* End PBXBuildFile section */

/* Begin PBXContainerItemProxy section */
		30787DFB22009E560048B5AF /* PBXContainerItemProxy */ = {
			isa = PBXContainerItemProxy;
			containerPortal = 30787DDE22009E550048B5AF /* Project object */;
			proxyType = 1;
			remoteGlobalIDString = 30787DE522009E550048B5AF;
			remoteInfo = uiImageView;
		};
		30787E0622009E560048B5AF /* PBXContainerItemProxy */ = {
			isa = PBXContainerItemProxy;
			containerPortal = 30787DDE22009E550048B5AF /* Project object */;
			proxyType = 1;
			remoteGlobalIDString = 30787DE522009E550048B5AF;
			remoteInfo = uiImageView;
		};
/* End PBXContainerItemProxy section */

/* Begin PBXFileReference section */
		30787DE622009E550048B5AF /* uiImageView.app */ = {isa = PBXFileReference; explicitFileType = wrapper.application; includeInIndex = 0; path = uiImageView.app; sourceTree = BUILT_PRODUCTS_DIR; };
		30787DE922009E550048B5AF /* AppDelegate.swift */ = {isa = PBXFileReference; lastKnownFileType = sourcecode.swift; path = AppDelegate.swift; sourceTree = "<group>"; };
		30787DEB22009E550048B5AF /* ViewController.swift */ = {isa = PBXFileReference; lastKnownFileType = sourcecode.swift; path = ViewController.swift; sourceTree = "<group>"; };
		30787DEE22009E550048B5AF /* Base */ = {isa = PBXFileReference; lastKnownFileType = file.storyboard; name = Base; path = Base.lproj/Main.storyboard; sourceTree = "<group>"; };
		30787DF022009E550048B5AF /* Assets.xcassets */ = {isa = PBXFileReference; lastKnownFileType = folder.assetcatalog; path = Assets.xcassets; sourceTree = "<group>"; };
		30787DF322009E550048B5AF /* Base */ = {isa = PBXFileReference; lastKnownFileType = file.storyboard; name = Base; path = Base.lproj/LaunchScreen.storyboard; sourceTree = "<group>"; };
		30787DF522009E550048B5AF /* Info.plist */ = {isa = PBXFileReference; lastKnownFileType = text.plist.xml; path = Info.plist; sourceTree = "<group>"; };
		30787DFA22009E560048B5AF /* uiImageViewTests.xctest */ = {isa = PBXFileReference; explicitFileType = wrapper.cfbundle; includeInIndex = 0; path = uiImageViewTests.xctest; sourceTree = BUILT_PRODUCTS_DIR; };
		30787DFE22009E560048B5AF /* uiImageViewTests.swift */ = {isa = PBXFileReference; lastKnownFileType = sourcecode.swift; path = uiImageViewTests.swift; sourceTree = "<group>"; };
		30787E0022009E560048B5AF /* Info.plist */ = {isa = PBXFileReference; lastKnownFileType = text.plist.xml; path = Info.plist; sourceTree = "<group>"; };
		30787E0522009E560048B5AF /* uiImageViewUITests.xctest */ = {isa = PBXFileReference; explicitFileType = wrapper.cfbundle; includeInIndex = 0; path = uiImageViewUITests.xctest; sourceTree = BUILT_PRODUCTS_DIR; };
		30787E0922009E560048B5AF /* uiImageViewUITests.swift */ = {isa = PBXFileReference; lastKnownFileType = sourcecode.swift; path = uiImageViewUITests.swift; sourceTree = "<group>"; };
		30787E0B22009E560048B5AF /* Info.plist */ = {isa = PBXFileReference; lastKnownFileType = text.plist.xml; path = Info.plist; sourceTree = "<group>"; };
		30787E1722009FBB0048B5AF /* hoge.png */ = {isa = PBXFileReference; lastKnownFileType = image.png; name = hoge.png; path = ../../../../../../../Desktop/hoge.png; sourceTree = "<group>"; };
/* End PBXFileReference section */

/* Begin PBXFrameworksBuildPhase section */
		30787DE322009E550048B5AF /* Frameworks */ = {
			isa = PBXFrameworksBuildPhase;
			buildActionMask = 2147483647;
			files = (
			);
			runOnlyForDeploymentPostprocessing = 0;
		};
		30787DF722009E560048B5AF /* Frameworks */ = {
			isa = PBXFrameworksBuildPhase;
			buildActionMask = 2147483647;
			files = (
			);
			runOnlyForDeploymentPostprocessing = 0;
		};
		30787E0222009E560048B5AF /* Frameworks */ = {
			isa = PBXFrameworksBuildPhase;
			buildActionMask = 2147483647;
			files = (
			);
			runOnlyForDeploymentPostprocessing = 0;
		};
/* End PBXFrameworksBuildPhase section */

/* Begin PBXGroup section */
		30787DDD22009E550048B5AF = {
			isa = PBXGroup;
			children = (
				30787DE822009E550048B5AF /* uiImageView */,
				30787DFD22009E560048B5AF /* uiImageViewTests */,
				30787E0822009E560048B5AF /* uiImageViewUITests */,
				30787DE722009E550048B5AF /* Products */,
			);
			sourceTree = "<group>";
		};
		30787DE722009E550048B5AF /* Products */ = {
			isa = PBXGroup;
			children = (
				30787DE622009E550048B5AF /* uiImageView.app */,
				30787DFA22009E560048B5AF /* uiImageViewTests.xctest */,
				30787E0522009E560048B5AF /* uiImageViewUITests.xctest */,
			);
			name = Products;
			sourceTree = "<group>";
		};
		30787DE822009E550048B5AF /* uiImageView */ = {
			isa = PBXGroup;
			children = (
				30787E1722009FBB0048B5AF /* hoge.png */,
				30787DE922009E550048B5AF /* AppDelegate.swift */,
				30787DEB22009E550048B5AF /* ViewController.swift */,
				30787DED22009E550048B5AF /* Main.storyboard */,
				30787DF022009E550048B5AF /* Assets.xcassets */,
				30787DF222009E550048B5AF /* LaunchScreen.storyboard */,
				30787DF522009E550048B5AF /* Info.plist */,
			);
			path = uiImageView;
			sourceTree = "<group>";
		};
		30787DFD22009E560048B5AF /* uiImageViewTests */ = {
			isa = PBXGroup;
			children = (
				30787DFE22009E560048B5AF /* uiImageViewTests.swift */,
				30787E0022009E560048B5AF /* Info.plist */,
			);
			path = uiImageViewTests;
			sourceTree = "<group>";
		};
		30787E0822009E560048B5AF /* uiImageViewUITests */ = {
			isa = PBXGroup;
			children = (
				30787E0922009E560048B5AF /* uiImageViewUITests.swift */,
				30787E0B22009E560048B5AF /* Info.plist */,
			);
			path = uiImageViewUITests;
			sourceTree = "<group>";
		};
/* End PBXGroup section */

/* Begin PBXNativeTarget section */
		30787DE522009E550048B5AF /* uiImageView */ = {
			isa = PBXNativeTarget;
			buildConfigurationList = 30787E0E22009E560048B5AF /* Build configuration list for PBXNativeTarget "uiImageView" */;
			buildPhases = (
				30787DE222009E550048B5AF /* Sources */,
				30787DE322009E550048B5AF /* Frameworks */,
				30787DE422009E550048B5AF /* Resources */,
			);
			buildRules = (
			);
			dependencies = (
			);
			name = uiImageView;
			productName = uiImageView;
			productReference = 30787DE622009E550048B5AF /* uiImageView.app */;
			productType = "com.apple.product-type.application";
		};
		30787DF922009E560048B5AF /* uiImageViewTests */ = {
			isa = PBXNativeTarget;
			buildConfigurationList = 30787E1122009E560048B5AF /* Build configuration list for PBXNativeTarget "uiImageViewTests" */;
			buildPhases = (
				30787DF622009E560048B5AF /* Sources */,
				30787DF722009E560048B5AF /* Frameworks */,
				30787DF822009E560048B5AF /* Resources */,
			);
			buildRules = (
			);
			dependencies = (
				30787DFC22009E560048B5AF /* PBXTargetDependency */,
			);
			name = uiImageViewTests;
			productName = uiImageViewTests;
			productReference = 30787DFA22009E560048B5AF /* uiImageViewTests.xctest */;
			productType = "com.apple.product-type.bundle.unit-test";
		};
		30787E0422009E560048B5AF /* uiImageViewUITests */ = {
			isa = PBXNativeTarget;
			buildConfigurationList = 30787E1422009E560048B5AF /* Build configuration list for PBXNativeTarget "uiImageViewUITests" */;
			buildPhases = (
				30787E0122009E560048B5AF /* Sources */,
				30787E0222009E560048B5AF /* Frameworks */,
				30787E0322009E560048B5AF /* Resources */,
			);
			buildRules = (
			);
			dependencies = (
				30787E0722009E560048B5AF /* PBXTargetDependency */,
			);
			name = uiImageViewUITests;
			productName = uiImageViewUITests;
			productReference = 30787E0522009E560048B5AF /* uiImageViewUITests.xctest */;
			productType = "com.apple.product-type.bundle.ui-testing";
		};
/* End PBXNativeTarget section */

/* Begin PBXProject section */
		30787DDE22009E550048B5AF /* Project object */ = {
			isa = PBXProject;
			attributes = {
				LastSwiftUpdateCheck = 1010;
				LastUpgradeCheck = 1010;
				ORGANIZATIONNAME = taigakiyotaki;
				TargetAttributes = {
					30787DE522009E550048B5AF = {
						CreatedOnToolsVersion = 10.1;
					};
					30787DF922009E560048B5AF = {
						CreatedOnToolsVersion = 10.1;
						TestTargetID = 30787DE522009E550048B5AF;
					};
					30787E0422009E560048B5AF = {
						CreatedOnToolsVersion = 10.1;
						TestTargetID = 30787DE522009E550048B5AF;
					};
				};
			};
			buildConfigurationList = 30787DE122009E550048B5AF /* Build configuration list for PBXProject "uiImageView" */;
			compatibilityVersion = "Xcode 9.3";
			developmentRegion = en;
			hasScannedForEncodings = 0;
			knownRegions = (
				en,
				Base,
			);
			mainGroup = 30787DDD22009E550048B5AF;
			productRefGroup = 30787DE722009E550048B5AF /* Products */;
			projectDirPath = "";
			projectRoot = "";
			targets = (
				30787DE522009E550048B5AF /* uiImageView */,
				30787DF922009E560048B5AF /* uiImageViewTests */,
				30787E0422009E560048B5AF /* uiImageViewUITests */,
			);
		};
/* End PBXProject section */

/* Begin PBXResourcesBuildPhase section */
		30787DE422009E550048B5AF /* Resources */ = {
			isa = PBXResourcesBuildPhase;
			buildActionMask = 2147483647;
			files = (
				30787DF422009E550048B5AF /* LaunchScreen.storyboard in Resources */,
				30787DF122009E550048B5AF /* Assets.xcassets in Resources */,
				30787E1822009FBB0048B5AF /* hoge.png in Resources */,
				30787DEF22009E550048B5AF /* Main.storyboard in Resources */,
			);
			runOnlyForDeploymentPostprocessing = 0;
		};
		30787DF822009E560048B5AF /* Resources */ = {
			isa = PBXResourcesBuildPhase;
			buildActionMask = 2147483647;
			files = (
			);
			runOnlyForDeploymentPostprocessing = 0;
		};
		30787E0322009E560048B5AF /* Resources */ = {
			isa = PBXResourcesBuildPhase;
			buildActionMask = 2147483647;
			files = (
			);
			runOnlyForDeploymentPostprocessing = 0;
		};
/* End PBXResourcesBuildPhase section */

/* Begin PBXSourcesBuildPhase section */
		30787DE222009E550048B5AF /* Sources */ = {
			isa = PBXSourcesBuildPhase;
			buildActionMask = 2147483647;
			files = (
				30787DEC22009E550048B5AF /* ViewController.swift in Sources */,
				30787DEA22009E550048B5AF /* AppDelegate.swift in Sources */,
			);
			runOnlyForDeploymentPostprocessing = 0;
		};
		30787DF622009E560048B5AF /* Sources */ = {
			isa = PBXSourcesBuildPhase;
			buildActionMask = 2147483647;
			files = (
				30787DFF22009E560048B5AF /* uiImageViewTests.swift in Sources */,
			);
			runOnlyForDeploymentPostprocessing = 0;
		};
		30787E0122009E560048B5AF /* Sources */ = {
			isa = PBXSourcesBuildPhase;
			buildActionMask = 2147483647;
			files = (
				30787E0A22009E560048B5AF /* uiImageViewUITests.swift in Sources */,
			);
			runOnlyForDeploymentPostprocessing = 0;
		};
/* End PBXSourcesBuildPhase section */

/* Begin PBXTargetDependency section */
		30787DFC22009E560048B5AF /* PBXTargetDependency */ = {
			isa = PBXTargetDependency;
			target = 30787DE522009E550048B5AF /* uiImageView */;
			targetProxy = 30787DFB22009E560048B5AF /* PBXContainerItemProxy */;
		};
		30787E0722009E560048B5AF /* PBXTargetDependency */ = {
			isa = PBXTargetDependency;
			target = 30787DE522009E550048B5AF /* uiImageView */;
			targetProxy = 30787E0622009E560048B5AF /* PBXContainerItemProxy */;
		};
/* End PBXTargetDependency section */

/* Begin PBXVariantGroup section */
		30787DED22009E550048B5AF /* Main.storyboard */ = {
			isa = PBXVariantGroup;
			children = (
				30787DEE22009E550048B5AF /* Base */,
			);
			name = Main.storyboard;
			sourceTree = "<group>";
		};
		30787DF222009E550048B5AF /* LaunchScreen.storyboard */ = {
			isa = PBXVariantGroup;
			children = (
				30787DF322009E550048B5AF /* Base */,
			);
			name = LaunchScreen.storyboard;
			sourceTree = "<group>";
		};
/* End PBXVariantGroup section */

/* Begin XCBuildConfiguration section */
		30787E0C22009E560048B5AF /* Debug */ = {
			isa = XCBuildConfiguration;
			buildSettings = {
				ALWAYS_SEARCH_USER_PATHS = NO;
				CLANG_ANALYZER_NONNULL = YES;
				CLANG_ANALYZER_NUMBER_OBJECT_CONVERSION = YES_AGGRESSIVE;
				CLANG_CXX_LANGUAGE_STANDARD = "gnu++14";
				CLANG_CXX_LIBRARY = "libc++";
				CLANG_ENABLE_MODULES = YES;
				CLANG_ENABLE_OBJC_ARC = YES;
				CLANG_ENABLE_OBJC_WEAK = YES;
				CLANG_WARN_BLOCK_CAPTURE_AUTORELEASING = YES;
				CLANG_WARN_BOOL_CONVERSION = YES;
				CLANG_WARN_COMMA = YES;
				CLANG_WARN_CONSTANT_CONVERSION = YES;
				CLANG_WARN_DEPRECATED_OBJC_IMPLEMENTATIONS = YES;
				CLANG_WARN_DIRECT_OBJC_ISA_USAGE = YES_ERROR;
				CLANG_WARN_DOCUMENTATION_COMMENTS = YES;
				CLANG_WARN_EMPTY_BODY = YES;
				CLANG_WARN_ENUM_CONVERSION = YES;
				CLANG_WARN_INFINITE_RECURSION = YES;
				CLANG_WARN_INT_CONVERSION = YES;
				CLANG_WARN_NON_LITERAL_NULL_CONVERSION = YES;
				CLANG_WARN_OBJC_IMPLICIT_RETAIN_SELF = YES;
				CLANG_WARN_OBJC_LITERAL_CONVERSION = YES;
				CLANG_WARN_OBJC_ROOT_CLASS = YES_ERROR;
				CLANG_WARN_RANGE_LOOP_ANALYSIS = YES;
				CLANG_WARN_STRICT_PROTOTYPES = YES;
				CLANG_WARN_SUSPICIOUS_MOVE = YES;
				CLANG_WARN_UNGUARDED_AVAILABILITY = YES_AGGRESSIVE;
				CLANG_WARN_UNREACHABLE_CODE = YES;
				CLANG_WARN__DUPLICATE_METHOD_MATCH = YES;
				CODE_SIGN_IDENTITY = "iPhone Developer";
				COPY_PHASE_STRIP = NO;
				DEBUG_INFORMATION_FORMAT = dwarf;
				ENABLE_STRICT_OBJC_MSGSEND = YES;
				ENABLE_TESTABILITY = YES;
				GCC_C_LANGUAGE_STANDARD = gnu11;
				GCC_DYNAMIC_NO_PIC = NO;
				GCC_NO_COMMON_BLOCKS = YES;
				GCC_OPTIMIZATION_LEVEL = 0;
				GCC_PREPROCESSOR_DEFINITIONS = (
					"DEBUG=1",
					"$(inherited)",
				);
				GCC_WARN_64_TO_32_BIT_CONVERSION = YES;
				GCC_WARN_ABOUT_RETURN_TYPE = YES_ERROR;
				GCC_WARN_UNDECLARED_SELECTOR = YES;
				GCC_WARN_UNINITIALIZED_AUTOS = YES_AGGRESSIVE;
				GCC_WARN_UNUSED_FUNCTION = YES;
				GCC_WARN_UNUSED_VARIABLE = YES;
				IPHONEOS_DEPLOYMENT_TARGET = 12.1;
				MTL_ENABLE_DEBUG_INFO = INCLUDE_SOURCE;
				MTL_FAST_MATH = YES;
				ONLY_ACTIVE_ARCH = YES;
				SDKROOT = iphoneos;
				SWIFT_ACTIVE_COMPILATION_CONDITIONS = DEBUG;
				SWIFT_OPTIMIZATION_LEVEL = "-Onone";
			};
			name = Debug;
		};
		30787E0D22009E560048B5AF /* Release */ = {
			isa = XCBuildConfiguration;
			buildSettings = {
				ALWAYS_SEARCH_USER_PATHS = NO;
				CLANG_ANALYZER_NONNULL = YES;
				CLANG_ANALYZER_NUMBER_OBJECT_CONVERSION = YES_AGGRESSIVE;
				CLANG_CXX_LANGUAGE_STANDARD = "gnu++14";
				CLANG_CXX_LIBRARY = "libc++";
				CLANG_ENABLE_MODULES = YES;
				CLANG_ENABLE_OBJC_ARC = YES;
				CLANG_ENABLE_OBJC_WEAK = YES;
				CLANG_WARN_BLOCK_CAPTURE_AUTORELEASING = YES;
				CLANG_WARN_BOOL_CONVERSION = YES;
				CLANG_WARN_COMMA = YES;
				CLANG_WARN_CONSTANT_CONVERSION = YES;
				CLANG_WARN_DEPRECATED_OBJC_IMPLEMENTATIONS = YES;
				CLANG_WARN_DIRECT_OBJC_ISA_USAGE = YES_ERROR;
				CLANG_WARN_DOCUMENTATION_COMMENTS = YES;
				CLANG_WARN_EMPTY_BODY = YES;
				CLANG_WARN_ENUM_CONVERSION = YES;
				CLANG_WARN_INFINITE_RECURSION = YES;
				CLANG_WARN_INT_CONVERSION = YES;
				CLANG_WARN_NON_LITERAL_NULL_CONVERSION = YES;
				CLANG_WARN_OBJC_IMPLICIT_RETAIN_SELF = YES;
				CLANG_WARN_OBJC_LITERAL_CONVERSION = YES;
				CLANG_WARN_OBJC_ROOT_CLASS = YES_ERROR;
				CLANG_WARN_RANGE_LOOP_ANALYSIS = YES;
				CLANG_WARN_STRICT_PROTOTYPES = YES;
				CLANG_WARN_SUSPICIOUS_MOVE = YES;
				CLANG_WARN_UNGUARDED_AVAILABILITY = YES_AGGRESSIVE;
				CLANG_WARN_UNREACHABLE_CODE = YES;
				CLANG_WARN__DUPLICATE_METHOD_MATCH = YES;
				CODE_SIGN_IDENTITY = "iPhone Developer";
				COPY_PHASE_STRIP = NO;
				DEBUG_INFORMATION_FORMAT = "dwarf-with-dsym";
				ENABLE_NS_ASSERTIONS = NO;
				ENABLE_STRICT_OBJC_MSGSEND = YES;
				GCC_C_LANGUAGE_STANDARD = gnu11;
				GCC_NO_COMMON_BLOCKS = YES;
				GCC_WARN_64_TO_32_BIT_CONVERSION = YES;
				GCC_WARN_ABOUT_RETURN_TYPE = YES_ERROR;
				GCC_WARN_UNDECLARED_SELECTOR = YES;
				GCC_WARN_UNINITIALIZED_AUTOS = YES_AGGRESSIVE;
				GCC_WARN_UNUSED_FUNCTION = YES;
				GCC_WARN_UNUSED_VARIABLE = YES;
				IPHONEOS_DEPLOYMENT_TARGET = 12.1;
				MTL_ENABLE_DEBUG_INFO = NO;
				MTL_FAST_MATH = YES;
				SDKROOT = iphoneos;
				SWIFT_COMPILATION_MODE = wholemodule;
				SWIFT_OPTIMIZATION_LEVEL = "-O";
				VALIDATE_PRODUCT = YES;
			};
			name = Release;
		};
		30787E0F22009E560048B5AF /* Debug */ = {
			isa = XCBuildConfiguration;
			buildSettings = {
				ASSETCATALOG_COMPILER_APPICON_NAME = AppIcon;
				CODE_SIGN_STYLE = Automatic;
				INFOPLIST_FILE = uiImageView/Info.plist;
				LD_RUNPATH_SEARCH_PATHS = (
					"$(inherited)",
					"@executable_path/Frameworks",
				);
				PRODUCT_BUNDLE_IDENTIFIER = com.t2421.uiImageView;
				PRODUCT_NAME = "$(TARGET_NAME)";
				SWIFT_VERSION = 4.2;
				TARGETED_DEVICE_FAMILY = "1,2";
			};
			name = Debug;
		};
		30787E1022009E560048B5AF /* Release */ = {
			isa = XCBuildConfiguration;
			buildSettings = {
				ASSETCATALOG_COMPILER_APPICON_NAME = AppIcon;
				CODE_SIGN_STYLE = Automatic;
				INFOPLIST_FILE = uiImageView/Info.plist;
				LD_RUNPATH_SEARCH_PATHS = (
					"$(inherited)",
					"@executable_path/Frameworks",
				);
				PRODUCT_BUNDLE_IDENTIFIER = com.t2421.uiImageView;
				PRODUCT_NAME = "$(TARGET_NAME)";
				SWIFT_VERSION = 4.2;
				TARGETED_DEVICE_FAMILY = "1,2";
			};
			name = Release;
		};
		30787E1222009E560048B5AF /* Debug */ = {
			isa = XCBuildConfiguration;
			buildSettings = {
				ALWAYS_EMBED_SWIFT_STANDARD_LIBRARIES = YES;
				BUNDLE_LOADER = "$(TEST_HOST)";
				CODE_SIGN_STYLE = Automatic;
				INFOPLIST_FILE = uiImageViewTests/Info.plist;
				LD_RUNPATH_SEARCH_PATHS = (
					"$(inherited)",
					"@executable_path/Frameworks",
					"@loader_path/Frameworks",
				);
				PRODUCT_BUNDLE_IDENTIFIER = com.t2421.uiImageViewTests;
				PRODUCT_NAME = "$(TARGET_NAME)";
				SWIFT_VERSION = 4.2;
				TARGETED_DEVICE_FAMILY = "1,2";
				TEST_HOST = "$(BUILT_PRODUCTS_DIR)/uiImageView.app/uiImageView";
			};
			name = Debug;
		};
		30787E1322009E560048B5AF /* Release */ = {
			isa = XCBuildConfiguration;
			buildSettings = {
				ALWAYS_EMBED_SWIFT_STANDARD_LIBRARIES = YES;
				BUNDLE_LOADER = "$(TEST_HOST)";
				CODE_SIGN_STYLE = Automatic;
				INFOPLIST_FILE = uiImageViewTests/Info.plist;
				LD_RUNPATH_SEARCH_PATHS = (
					"$(inherited)",
					"@executable_path/Frameworks",
					"@loader_path/Frameworks",
				);
				PRODUCT_BUNDLE_IDENTIFIER = com.t2421.uiImageViewTests;
				PRODUCT_NAME = "$(TARGET_NAME)";
				SWIFT_VERSION = 4.2;
				TARGETED_DEVICE_FAMILY = "1,2";
				TEST_HOST = "$(BUILT_PRODUCTS_DIR)/uiImageView.app/uiImageView";
			};
			name = Release;
		};
		30787E1522009E560048B5AF /* Debug */ = {
			isa = XCBuildConfiguration;
			buildSettings = {
				ALWAYS_EMBED_SWIFT_STANDARD_LIBRARIES = YES;
				CODE_SIGN_STYLE = Automatic;
				INFOPLIST_FILE = uiImageViewUITests/Info.plist;
				LD_RUNPATH_SEARCH_PATHS = (
					"$(inherited)",
					"@executable_path/Frameworks",
					"@loader_path/Frameworks",
				);
				PRODUCT_BUNDLE_IDENTIFIER = com.t2421.uiImageViewUITests;
				PRODUCT_NAME = "$(TARGET_NAME)";
				SWIFT_VERSION = 4.2;
				TARGETED_DEVICE_FAMILY = "1,2";
				TEST_TARGET_NAME = uiImageView;
			};
			name = Debug;
		};
		30787E1622009E560048B5AF /* Release */ = {
			isa = XCBuildConfiguration;
			buildSettings = {
				ALWAYS_EMBED_SWIFT_STANDARD_LIBRARIES = YES;
				CODE_SIGN_STYLE = Automatic;
				INFOPLIST_FILE = uiImageViewUITests/Info.plist;
				LD_RUNPATH_SEARCH_PATHS = (
					"$(inherited)",
					"@executable_path/Frameworks",
					"@loader_path/Frameworks",
				);
				PRODUCT_BUNDLE_IDENTIFIER = com.t2421.uiImageViewUITests;
				PRODUCT_NAME = "$(TARGET_NAME)";
				SWIFT_VERSION = 4.2;
				TARGETED_DEVICE_FAMILY = "1,2";
				TEST_TARGET_NAME = uiImageView;
			};
			name = Release;
		};
/* End XCBuildConfiguration section */

/* Begin XCConfigurationList section */
		30787DE122009E550048B5AF /* Build configuration list for PBXProject "uiImageView" */ = {
			isa = XCConfigurationList;
			buildConfigurations = (
				30787E0C22009E560048B5AF /* Debug */,
				30787E0D22009E560048B5AF /* Release */,
			);
			defaultConfigurationIsVisible = 0;
			defaultConfigurationName = Release;
		};
		30787E0E22009E560048B5AF /* Build configuration list for PBXNativeTarget "uiImageView" */ = {
			isa = XCConfigurationList;
			buildConfigurations = (
				30787E0F22009E560048B5AF /* Debug */,
				30787E1022009E560048B5AF /* Release */,
			);
			defaultConfigurationIsVisible = 0;
			defaultConfigurationName = Release;
		};
		30787E1122009E560048B5AF /* Build configuration list for PBXNativeTarget "uiImageViewTests" */ = {
			isa = XCConfigurationList;
			buildConfigurations = (
				30787E1222009E560048B5AF /* Debug */,
				30787E1322009E560048B5AF /* Release */,
			);
			defaultConfigurationIsVisible = 0;
			defaultConfigurationName = Release;
		};
		30787E1422009E560048B5AF /* Build configuration list for PBXNativeTarget "uiImageViewUITests" */ = {
			isa = XCConfigurationList;
			buildConfigurations = (
				30787E1522009E560048B5AF /* Debug */,
				30787E1622009E560048B5AF /* Release */,
			);
			defaultConfigurationIsVisible = 0;
			defaultConfigurationName = Release;
		};
/* End XCConfigurationList section */
	};
	rootObject = 30787DDE22009E550048B5AF /* Project object */;
}
